<?xml version="1.0" encoding="utf-8"?>
<Project ToolsVersion="4.0" xmlns="http://schemas.microsoft.com/developer/msbuild/2003">
  <ItemGroup>
    <Filter Include="Events">
      <UniqueIdentifier>{3A8963B1-262B-8E87-0FE6-A1DBFB2615D8}</UniqueIdentifier>
    </Filter>
  </ItemGroup>
  <ItemGroup>
    <ClInclude Include="src\KEngine\Application.h" />
    <ClInclude Include="src\KEngine\Core.h" />
    <ClInclude Include="src\KEngine\EntryPoint.h" />
    <ClInclude Include="src\KEngine\Events\ApplicationEvent.h">
      <Filter>Events</Filter>
    </ClInclude>
    <ClInclude Include="src\KEngine\Events\Event.h">
      <Filter>Events</Filter>
    </ClInclude>
    <ClInclude Include="src\KEngine\KEngine.h">
      <Filter>Events</Filter>
    </ClInclude>
    <ClInclude Include="src\KEngine\Events\KeyEvent.h">
      <Filter>Events</Filter>
    </ClInclude>
    <ClInclude Include="src\KEngine\Events\MouseEvent.h">
      <Filter>Events</Filter>
    </ClInclude>
    <ClInclude Include="src\KEngine\Log.h" />
  </ItemGroup>
  <ItemGroup>
    <ClCompile Include="src\KEngine\Application.cpp" />
    <ClCompile Include="src\KEngine\Log.cpp" />
  </ItemGroup>
</Project>